<?xml version="1.0" encoding="utf-8"?>
<Project ToolsVersion="4.0" xmlns="http://schemas.microsoft.com/developer/msbuild/2003">
  <ItemGroup>
    <Filter Include="Fichiers sources">
      <UniqueIdentifier>{4FC737F1-C7A5-4376-A066-2A32D752A2FF}</UniqueIdentifier>
      <Extensions>cpp;c;cc;cxx;c++;cppm;ixx;def;odl;idl;hpj;bat;asm;asmx</Extensions>
    </Filter>
    <Filter Include="Fichiers d%27en-tête">
      <UniqueIdentifier>{93995380-89BD-4b04-88EB-625FBE52EBFB}</UniqueIdentifier>
      <Extensions>h;hh;hpp;hxx;h++;hm;inl;inc;ipp;xsd</Extensions>
    </Filter>
    <Filter Include="Fichiers de ressources">
      <UniqueIdentifier>{67DA6AB6-F800-4c08-8B7A-83BB121AAD01}</UniqueIdentifier>
      <Extensions>rc;ico;cur;bmp;dlg;rc2;rct;bin;rgs;gif;jpg;jpeg;jpe;resx;tiff;tif;png;wav;mfcribbon-ms</Extensions>
    </Filter>
    <Filter Include="Fichiers d%27en-tête\Graphics">
      <UniqueIdentifier>{a6daee0a-c6c8-473d-8e54-98ead3724523}</UniqueIdentifier>
    </Filter>
    <Filter Include="Fichiers sources\Graphics">
      <UniqueIdentifier>{74a02385-dda4-4768-8ada-48a024b19a2f}</UniqueIdentifier>
    </Filter>
    <Filter Include="Fichiers sources\Input">
      <UniqueIdentifier>{ba678e2b-efb0-43cb-8c8c-28e25309a316}</UniqueIdentifier>
    </Filter>
    <Filter Include="Fichiers d%27en-tête\Input">
      <UniqueIdentifier>{ebcc472a-d17e-4a83-8883-34a4ff06d1f4}</UniqueIdentifier>
    </Filter>
    <Filter Include="Fichiers d%27en-tête\Misc">
      <UniqueIdentifier>{24dec201-6576-4f51-92db-c77d61cb92f8}</UniqueIdentifier>
    </Filter>
    <Filter Include="Fichiers sources\Misc">
      <UniqueIdentifier>{8d11a5f8-9de7-4a45-8ded-25848c169179}</UniqueIdentifier>
    </Filter>
    <Filter Include="Fichiers d%27en-tête\Entity">
      <UniqueIdentifier>{566005bf-a349-4365-97e9-c343e962e5e4}</UniqueIdentifier>
    </Filter>
    <Filter Include="Fichiers sources\Entity">
      <UniqueIdentifier>{07f5aa90-35a7-43ae-89ed-9a742e974658}</UniqueIdentifier>
    </Filter>
    <Filter Include="Fichiers d%27en-tête\Filesystem">
      <UniqueIdentifier>{725dd45f-6e0b-47be-ac6e-1ff19e116ac6}</UniqueIdentifier>
    </Filter>
    <Filter Include="Fichiers sources\Filesystem">
      <UniqueIdentifier>{bac9bb6f-6120-4225-af6e-aea896119818}</UniqueIdentifier>
    </Filter>
    <Filter Include="Fichiers d%27en-tête\Systems">
      <UniqueIdentifier>{9db7b482-abe3-4711-9d42-2952f6b65914}</UniqueIdentifier>
    </Filter>
    <Filter Include="Fichiers sources\Systems">
      <UniqueIdentifier>{ccdba021-c7cc-4e67-ac78-3b28540c6bcb}</UniqueIdentifier>
    </Filter>
    <Filter Include="Fichiers d%27en-tête\Components">
      <UniqueIdentifier>{fa053f0a-817d-44c3-b45e-70f1be8681d6}</UniqueIdentifier>
    </Filter>
    <Filter Include="Fichiers sources\Components">
      <UniqueIdentifier>{9d64a545-987c-43c3-9715-36eb6b2aa590}</UniqueIdentifier>
    </Filter>
    <Filter Include="Shaders">
      <UniqueIdentifier>{10ec3c0e-90d0-41fe-a331-16775e982256}</UniqueIdentifier>
    </Filter>
    <Filter Include="Fichiers d%27en-tête\Internal I/O">
      <UniqueIdentifier>{d45ff89e-d83e-434e-8f36-d4c27a9d334e}</UniqueIdentifier>
    </Filter>
    <Filter Include="Fichiers sources\Internal I/O">
      <UniqueIdentifier>{42cd9a2f-030c-4c45-935a-d71958d487b5}</UniqueIdentifier>
    </Filter>
    <Filter Include="Fichiers d%27en-tête\Maths">
      <UniqueIdentifier>{44b17d4a-a3b7-4227-9b31-dad27c577b5c}</UniqueIdentifier>
    </Filter>
    <Filter Include="Fichiers sources\Maths">
      <UniqueIdentifier>{daeffc61-d811-4f91-9467-6063a2256279}</UniqueIdentifier>
    </Filter>
    <Filter Include="Models">
      <UniqueIdentifier>{53c39d0d-1eba-430c-9192-5df062520489}</UniqueIdentifier>
    </Filter>
    <Filter Include="Shaders\Default">
      <UniqueIdentifier>{c9729a31-ee47-4ae9-86a8-75e44576d0ac}</UniqueIdentifier>
    </Filter>
    <Filter Include="Shaders\TextureDebug">
      <UniqueIdentifier>{d0101d3f-f44b-4cf1-b6e9-73df906b990b}</UniqueIdentifier>
    </Filter>
    <Filter Include="Fichiers sources\ImGUI">
      <UniqueIdentifier>{f0712c1f-1ed2-41f6-9ecc-cdc28b556dad}</UniqueIdentifier>
    </Filter>
    <Filter Include="Fichiers sources\ImGUI\Backends">
      <UniqueIdentifier>{fa1d7629-73d7-44c9-8814-6cdbe69d91b1}</UniqueIdentifier>
    </Filter>
    <Filter Include="Fichiers sources\ImGUI\Examples">
      <UniqueIdentifier>{f73098fe-1ad0-4edb-a8f9-d39bf74eb249}</UniqueIdentifier>
    </Filter>
    <Filter Include="Models\CafeLeBlanc">
      <UniqueIdentifier>{cda56495-018f-4b63-8417-407fa97243f4}</UniqueIdentifier>
    </Filter>
    <Filter Include="Models\Cube">
      <UniqueIdentifier>{5c3fe39e-113e-4193-83e3-e9e08bc515f1}</UniqueIdentifier>
    </Filter>
    <Filter Include="Models\Genshin">
      <UniqueIdentifier>{32ebee95-cc79-4209-885b-38d1cb97ad33}</UniqueIdentifier>
    </Filter>
    <Filter Include="Models\Genshin\Dvalin">
      <UniqueIdentifier>{433b3847-f732-42b0-882b-f5c8aeed1b3b}</UniqueIdentifier>
    </Filter>
    <Filter Include="Models\Genshin\Stormterror">
      <UniqueIdentifier>{e6569a1a-a33f-407a-acc4-755254984b0e}</UniqueIdentifier>
    </Filter>
    <Filter Include="Models\Genshin\Venti">
      <UniqueIdentifier>{cad0e4fc-aa54-4784-9e3c-21341a84eb2c}</UniqueIdentifier>
    </Filter>
    <Filter Include="Models\Kingdom Hearts">
      <UniqueIdentifier>{6ce64dfa-e96d-44ad-beef-71cf811f19cb}</UniqueIdentifier>
    </Filter>
    <Filter Include="Models\Kingdom Hearts\Gothel">
      <UniqueIdentifier>{94dce9ae-f274-431f-aaa7-a418cab30749}</UniqueIdentifier>
    </Filter>
    <Filter Include="Models\Persona">
      <UniqueIdentifier>{ed318fb3-d476-4e87-8245-061a4c48e4e9}</UniqueIdentifier>
    </Filter>
    <Filter Include="Models\Persona\Yu %28Persona 4%29">
      <UniqueIdentifier>{2b04eb5b-6dd6-493e-8910-e675b1a721c7}</UniqueIdentifier>
    </Filter>
    <Filter Include="Models\Persona\Naoto %28Persona 4%29">
      <UniqueIdentifier>{2d0fd5b9-bda0-4e8a-802b-e1a6c44ca7b6}</UniqueIdentifier>
    </Filter>
    <Filter Include="Models\Ratchet">
      <UniqueIdentifier>{e529ee80-0956-4985-857e-496c9064c383}</UniqueIdentifier>
    </Filter>
    <Filter Include="Models\Desert Road">
      <UniqueIdentifier>{bb06d6a4-d6d2-4cac-ba10-d3e728865438}</UniqueIdentifier>
    </Filter>
    <Filter Include="Models\TLOU">
      <UniqueIdentifier>{a5da9845-ff0d-4324-9491-a4092648ad78}</UniqueIdentifier>
    </Filter>
    <Filter Include="Models\TLOU\Sarah">
      <UniqueIdentifier>{c662d68f-b142-43d6-a76e-fffb111d7389}</UniqueIdentifier>
    </Filter>
    <Filter Include="Models\Sly Cooper">
      <UniqueIdentifier>{05eb4dc9-391b-4ae8-8e5d-9d6c8586bd0b}</UniqueIdentifier>
    </Filter>
    <Filter Include="Models\Sly Cooper\Sly">
      <UniqueIdentifier>{6db44079-6b72-4f86-a030-0e78a69c12e1}</UniqueIdentifier>
    </Filter>
    <Filter Include="Models\Splatoon 3">
      <UniqueIdentifier>{53eea47b-d4a7-4c1b-9817-fc796bd63d15}</UniqueIdentifier>
    </Filter>
    <Filter Include="Models\Splatoon 3\Callie">
      <UniqueIdentifier>{a0a457d4-bd86-4990-b6e7-91ee5413f0fa}</UniqueIdentifier>
    </Filter>
    <Filter Include="Models\Splatoon 3\Marie">
      <UniqueIdentifier>{3fc11cf9-b2a0-46f8-b34a-2190fce305d6}</UniqueIdentifier>
    </Filter>
    <Filter Include="Models\Spyro">
      <UniqueIdentifier>{b962059a-49c3-43c8-92ea-e1926a2da603}</UniqueIdentifier>
    </Filter>
    <Filter Include="Models\Spyro\Winter Thundra %28Map%29">
      <UniqueIdentifier>{8968c8a2-a7ea-4de1-be7f-5160d8f8f385}</UniqueIdentifier>
    </Filter>
    <Filter Include="Models\Bite">
      <UniqueIdentifier>{06ef1e3f-66df-4e7e-886d-64b6023ab57d}</UniqueIdentifier>
    </Filter>
    <Filter Include="Models\AIB">
      <UniqueIdentifier>{b186cdbf-92bc-45c8-bdc6-f7933d6f1880}</UniqueIdentifier>
    </Filter>
    <Filter Include="Models\AIB\Alice">
      <UniqueIdentifier>{2574b09a-9fad-45c2-8847-2cd597a7da59}</UniqueIdentifier>
    </Filter>
    <Filter Include="Fichiers d%27en-tête\Managers">
      <UniqueIdentifier>{debaa8ab-f4af-40e5-8519-2cb24057ba6d}</UniqueIdentifier>
    </Filter>
    <Filter Include="Fichiers sources\Managers">
      <UniqueIdentifier>{98da235b-ee26-4437-8179-4c261e3e9814}</UniqueIdentifier>
    </Filter>
    <Filter Include="Fichiers d%27en-tête\GUI">
      <UniqueIdentifier>{f8e525b8-41c8-4ba3-9f75-992703fa1861}</UniqueIdentifier>
    </Filter>
    <Filter Include="Fichiers d%27en-tête\GUI\Icons">
      <UniqueIdentifier>{71de9ce8-7b92-4a34-a189-d81738397314}</UniqueIdentifier>
    </Filter>
    <Filter Include="Fichiers d%27en-tête\GUI\Menus">
      <UniqueIdentifier>{d012a726-d411-4d76-a9a7-038c27969bbb}</UniqueIdentifier>
    </Filter>
    <Filter Include="Fichiers sources\GUI">
      <UniqueIdentifier>{3e5ec425-e400-42b2-a77f-3a236ee98428}</UniqueIdentifier>
    </Filter>
    <Filter Include="Fichiers sources\GUI\Menus">
      <UniqueIdentifier>{9abdf2fa-b550-4069-b5bb-9970d8c4c286}</UniqueIdentifier>
    </Filter>
    <Filter Include="Fichiers d%27en-tête\GUI\Items">
      <UniqueIdentifier>{e1aaebee-493c-49e8-b77b-914b490da896}</UniqueIdentifier>
    </Filter>
    <Filter Include="Fichiers sources\GUI\Items">
      <UniqueIdentifier>{e39abb0b-d75d-4186-af6d-0a5ee6847f8b}</UniqueIdentifier>
    </Filter>
  </ItemGroup>
  <ItemGroup>
    <ClCompile Include="engine-core.cpp">
      <Filter>Fichiers sources</Filter>
    </ClCompile>
    <ClCompile Include="Window.cpp">
      <Filter>Fichiers sources\Graphics</Filter>
    </ClCompile>
    <ClCompile Include="Input.cpp">
      <Filter>Fichiers sources\Input</Filter>
    </ClCompile>
    <ClCompile Include="File.cpp">
      <Filter>Fichiers sources\Filesystem</Filter>
    </ClCompile>
    <ClCompile Include="Renderer.cpp">
      <Filter>Fichiers sources\Systems</Filter>
    </ClCompile>
    <ClCompile Include="Transform.cpp">
      <Filter>Fichiers sources\Components</Filter>
    </ClCompile>
    <ClCompile Include="ModelRenderer.cpp">
      <Filter>Fichiers sources\Components</Filter>
    </ClCompile>
    <ClCompile Include="Model.cpp">
      <Filter>Fichiers sources\Graphics</Filter>
    </ClCompile>
    <ClCompile Include="InputManager.cpp">
      <Filter>Fichiers sources\Systems</Filter>
    </ClCompile>
    <ClCompile Include="Controller.cpp">
      <Filter>Fichiers sources\Components</Filter>
    </ClCompile>
    <ClCompile Include="Camera.cpp">
      <Filter>Fichiers sources\Components</Filter>
    </ClCompile>
    <ClCompile Include="Texture.cpp">
      <Filter>Fichiers sources\Graphics</Filter>
    </ClCompile>
    <ClCompile Include="Time.cpp">
      <Filter>Fichiers sources\Misc</Filter>
    </ClCompile>
    <ClCompile Include="LoaderOBJ.cpp">
      <Filter>Fichiers sources\Internal I/O</Filter>
    </ClCompile>
    <ClCompile Include="LoaderDAE.cpp">
      <Filter>Fichiers sources\Internal I/O</Filter>
    </ClCompile>
    <ClCompile Include="Vector4.cpp">
      <Filter>Fichiers sources\Maths</Filter>
    </ClCompile>
    <ClCompile Include="Vector3.cpp">
      <Filter>Fichiers sources\Maths</Filter>
    </ClCompile>
    <ClCompile Include="Vector2.cpp">
      <Filter>Fichiers sources\Maths</Filter>
    </ClCompile>
    <ClCompile Include="Matrix4.cpp">
      <Filter>Fichiers sources\Maths</Filter>
    </ClCompile>
    <ClCompile Include="..\libs\ImGUI\imgui.cpp">
      <Filter>Fichiers sources\ImGUI</Filter>
    </ClCompile>
    <ClCompile Include="..\libs\ImGUI\imgui_draw.cpp">
      <Filter>Fichiers sources\ImGUI</Filter>
    </ClCompile>
    <ClCompile Include="..\libs\ImGUI\imgui_tables.cpp">
      <Filter>Fichiers sources\ImGUI</Filter>
    </ClCompile>
    <ClCompile Include="..\libs\ImGUI\imgui_widgets.cpp">
      <Filter>Fichiers sources\ImGUI</Filter>
    </ClCompile>
    <ClCompile Include="..\libs\ImGUI\backends\imgui_impl_glfw.cpp">
      <Filter>Fichiers sources\ImGUI\Backends</Filter>
    </ClCompile>
    <ClCompile Include="..\libs\ImGUI\backends\imgui_impl_opengl2.cpp">
      <Filter>Fichiers sources\ImGUI\Backends</Filter>
    </ClCompile>
    <ClCompile Include="..\libs\ImGUI\backends\imgui_impl_opengl3.cpp">
      <Filter>Fichiers sources\ImGUI\Backends</Filter>
    </ClCompile>
    <ClCompile Include="..\libs\ImGUI\backends\imgui_impl_win32.cpp">
      <Filter>Fichiers sources\ImGUI\Backends</Filter>
    </ClCompile>
    <ClCompile Include="..\libs\ImGUI\imgui_demo.cpp">
      <Filter>Fichiers sources\ImGUI</Filter>
    </ClCompile>
    <ClCompile Include="..\libs\ImGUI\examples\example_glfw_opengl3\ImGUI_Demo_GLFW_OGL3.cpp">
      <Filter>Fichiers sources\ImGUI\Examples</Filter>
    </ClCompile>
    <ClCompile Include="EntityManager.cpp">
      <Filter>Fichiers sources\Managers</Filter>
    </ClCompile>
    <ClCompile Include="TextureManager.cpp">
      <Filter>Fichiers sources\Managers</Filter>
    </ClCompile>
    <ClCompile Include="TopMenuBar.cpp">
      <Filter>Fichiers sources\GUI\Menus</Filter>
    </ClCompile>
    <ClCompile Include="MenuItem.cpp">
      <Filter>Fichiers sources\GUI\Items</Filter>
    </ClCompile>
    <ClCompile Include="Loader.cpp">
      <Filter>Fichiers sources\Internal I/O</Filter>
    </ClCompile>
    <ClCompile Include="Logger.cpp">
      <Filter>Fichiers sources\Systems</Filter>
    </ClCompile>
  </ItemGroup>
  <ItemGroup>
    <ClInclude Include="Window.h">
      <Filter>Fichiers d%27en-tête\Graphics</Filter>
    </ClInclude>
    <ClInclude Include="Input.h">
      <Filter>Fichiers d%27en-tête\Input</Filter>
    </ClInclude>
    <ClInclude Include="Entity.h">
      <Filter>Fichiers d%27en-tête\Entity</Filter>
    </ClInclude>
    <ClInclude Include="File.h">
      <Filter>Fichiers d%27en-tête\Filesystem</Filter>
    </ClInclude>
    <ClInclude Include="Helpers.h">
      <Filter>Fichiers d%27en-tête\Misc</Filter>
    </ClInclude>
    <ClInclude Include="Renderer.h">
      <Filter>Fichiers d%27en-tête\Systems</Filter>
    </ClInclude>
    <ClInclude Include="IComponent.h">
      <Filter>Fichiers d%27en-tête\Components</Filter>
    </ClInclude>
    <ClInclude Include="Transform.h">
      <Filter>Fichiers d%27en-tête\Components</Filter>
    </ClInclude>
    <ClInclude Include="ModelRenderer.h">
      <Filter>Fichiers d%27en-tête\Components</Filter>
    </ClInclude>
    <ClInclude Include="Model.h">
      <Filter>Fichiers d%27en-tête\Graphics</Filter>
    </ClInclude>
    <ClInclude Include="Texture.h">
      <Filter>Fichiers d%27en-tête\Graphics</Filter>
    </ClInclude>
    <ClInclude Include="stb_init.h">
      <Filter>Fichiers d%27en-tête\Misc</Filter>
    </ClInclude>
    <ClInclude Include="InputManager.h">
      <Filter>Fichiers d%27en-tête\Systems</Filter>
    </ClInclude>
    <ClInclude Include="Controller.h">
      <Filter>Fichiers d%27en-tête\Components</Filter>
    </ClInclude>
    <ClInclude Include="Camera.h">
      <Filter>Fichiers d%27en-tête\Components</Filter>
    </ClInclude>
    <ClInclude Include="Mesh.h">
      <Filter>Fichiers d%27en-tête\Graphics</Filter>
    </ClInclude>
    <ClInclude Include="Material.h">
      <Filter>Fichiers d%27en-tête\Graphics</Filter>
    </ClInclude>
    <ClInclude Include="Time.h">
      <Filter>Fichiers d%27en-tête\Misc</Filter>
    </ClInclude>
    <ClInclude Include="Loader.h">
      <Filter>Fichiers d%27en-tête\Internal I/O</Filter>
    </ClInclude>
    <ClInclude Include="Matrix4.h">
      <Filter>Fichiers d%27en-tête\Maths</Filter>
    </ClInclude>
    <ClInclude Include="Vector4.h">
      <Filter>Fichiers d%27en-tête\Maths</Filter>
    </ClInclude>
    <ClInclude Include="Vector3.h">
      <Filter>Fichiers d%27en-tête\Maths</Filter>
    </ClInclude>
    <ClInclude Include="Vector2.h">
      <Filter>Fichiers d%27en-tête\Maths</Filter>
    </ClInclude>
    <ClInclude Include="Shader.h">
      <Filter>Fichiers d%27en-tête\Graphics</Filter>
    </ClInclude>
    <ClInclude Include="Image.h">
      <Filter>Fichiers d%27en-tête\Graphics</Filter>
    </ClInclude>
    <ClInclude Include="TextureManager.h">
      <Filter>Fichiers d%27en-tête\Managers</Filter>
    </ClInclude>
    <ClInclude Include="EntityManager.h">
      <Filter>Fichiers d%27en-tête\Managers</Filter>
    </ClInclude>
    <ClInclude Include="IconsFontAwesome6.h">
      <Filter>Fichiers d%27en-tête\GUI\Icons</Filter>
    </ClInclude>
    <ClInclude Include="TopMenuBar.h">
      <Filter>Fichiers d%27en-tête\GUI\Menus</Filter>
    </ClInclude>
    <ClInclude Include="MenuItem.h">
      <Filter>Fichiers d%27en-tête\GUI\Items</Filter>
    </ClInclude>
    <ClInclude Include="Logger.h">
      <Filter>Fichiers d%27en-tête\Systems</Filter>
    </ClInclude>
  </ItemGroup>
  <ItemGroup>
    <None Include="shaders\default.frag">
      <Filter>Shaders\Default</Filter>
    </None>
    <None Include="shaders\default.vert">
      <Filter>Shaders\Default</Filter>
    </None>
    <None Include="shaders\TextureDebug.frag">
      <Filter>Shaders\TextureDebug</Filter>
    </None>
    <None Include="shaders\TextureDebug.vert">
      <Filter>Shaders\TextureDebug</Filter>
    </None>
    <None Include="models\CafeLeblanc\CafeLeblanc.mtl">
      <Filter>Models\CafeLeBlanc</Filter>
    </None>
    <None Include="models\CafeLeblanc\Front Door.mtl">
      <Filter>Models\CafeLeBlanc</Filter>
    </None>
    <None Include="models\CafeLeblanc\GroundFloorScenery.mtl">
      <Filter>Models\CafeLeBlanc</Filter>
    </None>
    <None Include="models\CafeLeblanc\Shelf Jars.mtl">
      <Filter>Models\CafeLeBlanc</Filter>
    </None>
    <None Include="models\CafeLeblanc\Toilet Door.mtl">
      <Filter>Models\CafeLeBlanc</Filter>
    </None>
    <None Include="models\Cube\cube.dae">
      <Filter>Models\Cube</Filter>
    </None>
    <None Include="models\Genshin\Dvalin\Dvalin.mtl">
      <Filter>Models\Genshin\Dvalin</Filter>
    </None>
    <None Include="models\Genshin\Venti\Venti.mtl">
      <Filter>Models\Genshin\Venti</Filter>
    </None>
    <None Include="models\Genshin\Stormterror\Stormterror.mtl">
      <Filter>Models\Genshin\Stormterror</Filter>
    </None>
    <None Include="models\Persona\Yu\bc001 with animations.dae">
      <Filter>Models\Persona\Yu %28Persona 4%29</Filter>
    </None>
    <None Include="models\Persona\Yu\bc001.dae">
      <Filter>Models\Persona\Yu %28Persona 4%29</Filter>
    </None>
    <None Include="models\Persona\Yu\bc001.smd">
      <Filter>Models\Persona\Yu %28Persona 4%29</Filter>
    </None>
    <None Include="models\Persona\Naoto\pc007_13.dae">
      <Filter>Models\Persona\Naoto %28Persona 4%29</Filter>
    </None>
    <None Include="models\Persona\Naoto\pc007_13_blender.dae">
      <Filter>Models\Persona\Naoto %28Persona 4%29</Filter>
    </None>
    <None Include="models\Ratchet\NebuloxArmor\Ratchet.mtl">
      <Filter>Models\Ratchet</Filter>
    </None>
    <None Include="models\Road\Desert Road Plane.mtl">
      <Filter>Models\Desert Road</Filter>
    </None>
    <None Include="models\Sarah\Hair.mtl">
      <Filter>Models\TLOU\Sarah</Filter>
    </None>
    <None Include="models\Sarah\Sarah.dae">
      <Filter>Models\TLOU\Sarah</Filter>
    </None>
    <None Include="models\Sarah\Sarah_Hair.dae">
      <Filter>Models\TLOU\Sarah</Filter>
    </None>
    <None Include="models\SlyCooper\Cane.mtl">
      <Filter>Models\Sly Cooper\Sly</Filter>
    </None>
    <None Include="models\SlyCooper\Sly.mtl">
      <Filter>Models\Sly Cooper\Sly</Filter>
    </None>
    <None Include="models\Splatoon3\CallieMarie\Npc_IdolA\Npc_IdolA.dae">
      <Filter>Models\Splatoon 3\Callie</Filter>
    </None>
    <None Include="models\Splatoon3\CallieMarie\Npc_IdolA\Npc_IdolA.fbx">
      <Filter>Models\Splatoon 3\Callie</Filter>
    </None>
    <None Include="models\Splatoon3\CallieMarie\Npc_IdolA\Npc_IdolA_Mission.dae">
      <Filter>Models\Splatoon 3\Callie</Filter>
    </None>
    <None Include="models\Splatoon3\CallieMarie\Npc_IdolA\Npc_IdolA_Mission.fbx">
      <Filter>Models\Splatoon 3\Callie</Filter>
    </None>
    <None Include="models\Splatoon3\CallieMarie\Npc_IdolB\Npc_IdolB.dae">
      <Filter>Models\Splatoon 3\Marie</Filter>
    </None>
    <None Include="models\Splatoon3\CallieMarie\Npc_IdolB\Npc_IdolB.fbx">
      <Filter>Models\Splatoon 3\Marie</Filter>
    </None>
    <None Include="models\Splatoon3\CallieMarie\Npc_IdolB\Npc_IdolB_Mission.dae">
      <Filter>Models\Splatoon 3\Marie</Filter>
    </None>
    <None Include="models\Splatoon3\CallieMarie\Npc_IdolB\Npc_IdolB_Mission.fbx">
      <Filter>Models\Splatoon 3\Marie</Filter>
    </None>
    <None Include="models\Splatoon3\CallieMarie\Npc_IdolB\Npc_IdolB_Umbrella.dae">
      <Filter>Models\Splatoon 3\Marie</Filter>
    </None>
    <None Include="models\Splatoon3\CallieMarie\Npc_IdolB\Npc_IdolB_Umbrella.fbx">
      <Filter>Models\Splatoon 3\Marie</Filter>
    </None>
    <None Include="models\Spyro\WinterTundra.mtl">
      <Filter>Models\Spyro\Winter Thundra %28Map%29</Filter>
    </None>
    <None Include="models\Zizi\11.stl">
      <Filter>Models\Bite</Filter>
    </None>
    <None Include="models\KH\Gothel\n_ra207_0.dae">
      <Filter>Models\Kingdom Hearts\Gothel</Filter>
    </None>
    <None Include="models\KH\Gothel\n_ra207_0.fbx">
      <Filter>Models\Kingdom Hearts\Gothel</Filter>
    </None>
    <None Include="models\KH\Gothel\n_ra207_0.mtl">
      <Filter>Models\Kingdom Hearts\Gothel</Filter>
    </None>
    <None Include="models\KH\Gothel\n_ra207_0_split.dae">
      <Filter>Models\Kingdom Hearts\Gothel</Filter>
    </None>
    <None Include="models\KH\Gothel\n_ra207_0_split.fbx">
      <Filter>Models\Kingdom Hearts\Gothel</Filter>
    </None>
    <None Include="models\AIB\Alice\Alice.DAE">
      <Filter>Models\AIB\Alice</Filter>
    </None>
    <None Include="models\AIB\Alice\Alice.mtl">
      <Filter>Models\AIB\Alice</Filter>
    </None>
    <None Include="models\AIB\Alice\Alice.SMD">
      <Filter>Models\AIB\Alice</Filter>
    </None>
  </ItemGroup>
  <ItemGroup>
    <Object Include="models\CafeLeblanc\CafeLeblanc.obj">
      <Filter>Models\CafeLeBlanc</Filter>
    </Object>
    <Object Include="models\CafeLeblanc\Front Door.obj">
      <Filter>Models\CafeLeBlanc</Filter>
    </Object>
    <Object Include="models\CafeLeblanc\GroundFloorScenery.obj">
      <Filter>Models\CafeLeBlanc</Filter>
    </Object>
    <Object Include="models\CafeLeblanc\Shelf Jars.obj">
      <Filter>Models\CafeLeBlanc</Filter>
    </Object>
    <Object Include="models\CafeLeblanc\Toilet Door.obj">
      <Filter>Models\CafeLeBlanc</Filter>
    </Object>
    <Object Include="models\Genshin\Dvalin\Dvalin.obj">
      <Filter>Models\Genshin\Dvalin</Filter>
    </Object>
    <Object Include="models\Genshin\Venti\Venti.obj">
      <Filter>Models\Genshin\Venti</Filter>
    </Object>
    <Object Include="models\Genshin\Stormterror\Stormterror.obj">
      <Filter>Models\Genshin\Stormterror</Filter>
    </Object>
    <Object Include="models\Ratchet\NebuloxArmor\Ratchet.obj">
      <Filter>Models\Ratchet</Filter>
    </Object>
    <Object Include="models\Road\Desert Road Plane.obj">
      <Filter>Models\Desert Road</Filter>
    </Object>
    <Object Include="models\Sarah\Hair.obj">
      <Filter>Models\TLOU\Sarah</Filter>
    </Object>
    <Object Include="models\SlyCooper\Cane.obj">
      <Filter>Models\Sly Cooper\Sly</Filter>
    </Object>
    <Object Include="models\SlyCooper\Sly.obj">
      <Filter>Models\Sly Cooper\Sly</Filter>
    </Object>
    <Object Include="models\Spyro\WinterTundra.obj">
      <Filter>Models\Spyro\Winter Thundra %28Map%29</Filter>
    </Object>
    <Object Include="models\Zizi\11.obj">
      <Filter>Models\Bite</Filter>
    </Object>
    <Object Include="models\KH\Gothel\n_ra207_0.obj">
      <Filter>Models\Kingdom Hearts\Gothel</Filter>
    </Object>
    <Object Include="models\AIB\Alice\Alice.obj">
      <Filter>Models\AIB\Alice</Filter>
    </Object>
  </ItemGroup>
</Project>